
Microsoft Visual Studio Solution File, Format Version 12.00
# Visual Studio 15
Project("{FAE04EC0-301F-11D3-BF4B-00C04F79EFBC}") = "SwipeViewTest.Android", "SwipeViewTest.Android\SwipeViewTest.Android.csproj", "{30AB52EE-5EEE-4725-819C-91A21D59A4F8}"
EndProject
Project("{FAE04EC0-301F-11D3-BF4B-00C04F79EFBC}") = "SwipeViewTest.iOS", "SwipeViewTest.iOS\SwipeViewTest.iOS.csproj", "{B4CE8F1D-895F-49ED-9BEA-434FF974FF36}"
EndProject
Project("{FAE04EC0-301F-11D3-BF4B-00C04F79EFBC}") = "SwipeViewTest", "SwipeViewTest\SwipeViewTest.csproj", "{F2C98716-8D50-4B0B-BE33-66CA9971267E}"
EndProject
Global
	GlobalSection(SolutionConfigurationPlatforms) = preSolution
		Debug|Any CPU = Debug|Any CPU
		Release|Any CPU = Release|Any CPU
		Debug|iPhoneSimulator = Debug|iPhoneSimulator
		Release|iPhoneSimulator = Release|iPhoneSimulator
		Debug|iPhone = Debug|iPhone
		Release|iPhone = Release|iPhone
	EndGlobalSection
	GlobalSection(ProjectConfigurationPlatforms) = postSolution
		{30AB52EE-5EEE-4725-819C-91A21D59A4F8}.Debug|Any CPU.ActiveCfg = Debug|Any CPU
		{30AB52EE-5EEE-4725-819C-91A21D59A4F8}.Debug|Any CPU.Build.0 = Debug|Any CPU
		{30AB52EE-5EEE-4725-819C-91A21D59A4F8}.Release|Any CPU.ActiveCfg = Release|Any CPU
		{30AB52EE-5EEE-4725-819C-91A21D59A4F8}.Release|Any CPU.Build.0 = Release|Any CPU
		{30AB52EE-5EEE-4725-819C-91A21D59A4F8}.Debug|iPhoneSimulator.ActiveCfg = Debug|Any CPU
		{30AB52EE-5EEE-4725-819C-91A21D59A4F8}.Debug|iPhoneSimulator.Build.0 = Debug|Any CPU
		{30AB52EE-5EEE-4725-819C-91A21D59A4F8}.Release|iPhoneSimulator.ActiveCfg = Release|Any CPU
		{30AB52EE-5EEE-4725-819C-91A21D59A4F8}.Release|iPhoneSimulator.Build.0 = Release|Any CPU
		{30AB52EE-5EEE-4725-819C-91A21D59A4F8}.Debug|iPhone.ActiveCfg = Debug|Any CPU
		{30AB52EE-5EEE-4725-819C-91A21D59A4F8}.Debug|iPhone.Build.0 = Debug|Any CPU
		{30AB52EE-5EEE-4725-819C-91A21D59A4F8}.Release|iPhone.ActiveCfg = Release|Any CPU
		{30AB52EE-5EEE-4725-819C-91A21D59A4F8}.Release|iPhone.Build.0 = Release|Any CPU
		{B4CE8F1D-895F-49ED-9BEA-434FF974FF36}.Debug|Any CPU.ActiveCfg = Debug|iPhoneSimulator
		{B4CE8F1D-895F-49ED-9BEA-434FF974FF36}.Debug|Any CPU.Build.0 = Debug|iPhoneSimulator
		{B4CE8F1D-895F-49ED-9BEA-434FF974FF36}.Release|Any CPU.ActiveCfg = Release|iPhoneSimulator
		{B4CE8F1D-895F-49ED-9BEA-434FF974FF36}.Release|Any CPU.Build.0 = Release|iPhoneSimulator
		{B4CE8F1D-895F-49ED-9BEA-434FF974FF36}.Debug|iPhoneSimulator.ActiveCfg = Debug|iPhoneSimulator
		{B4CE8F1D-895F-49ED-9BEA-434FF974FF36}.Debug|iPhoneSimulator.Build.0 = Debug|iPhoneSimulator
		{B4CE8F1D-895F-49ED-9BEA-434FF974FF36}.Release|iPhoneSimulator.ActiveCfg = Release|iPhoneSimulator
		{B4CE8F1D-895F-49ED-9BEA-434FF974FF36}.Release|iPhoneSimulator.Build.0 = Release|iPhoneSimulator
		{B4CE8F1D-895F-49ED-9BEA-434FF974FF36}.Debug|iPhone.ActiveCfg = Debug|iPhone
		{B4CE8F1D-895F-49ED-9BEA-434FF974FF36}.Debug|iPhone.Build.0 = Debug|iPhone
		{B4CE8F1D-895F-49ED-9BEA-434FF974FF36}.Release|iPhone.ActiveCfg = Release|iPhone
		{B4CE8F1D-895F-49ED-9BEA-434FF974FF36}.Release|iPhone.Build.0 = Release|iPhone
		{F2C98716-8D50-4B0B-BE33-66CA9971267E}.Debug|Any CPU.ActiveCfg = Debug|Any CPU
		{F2C98716-8D50-4B0B-BE33-66CA9971267E}.Debug|Any CPU.Build.0 = Debug|Any CPU
		{F2C98716-8D50-4B0B-BE33-66CA9971267E}.Release|Any CPU.ActiveCfg = Release|Any CPU
		{F2C98716-8D50-4B0B-BE33-66CA9971267E}.Release|Any CPU.Build.0 = Release|Any CPU
		{F2C98716-8D50-4B0B-BE33-66CA9971267E}.Debug|iPhoneSimulator.ActiveCfg = Debug|Any CPU
		{F2C98716-8D50-4B0B-BE33-66CA9971267E}.Debug|iPhoneSimulator.Build.0 = Debug|Any CPU
		{F2C98716-8D50-4B0B-BE33-66CA9971267E}.Release|iPhoneSimulator.ActiveCfg = Release|Any CPU
		{F2C98716-8D50-4B0B-BE33-66CA9971267E}.Release|iPhoneSimulator.Build.0 = Release|Any CPU
		{F2C98716-8D50-4B0B-BE33-66CA9971267E}.Debug|iPhone.ActiveCfg = Debug|Any CPU
		{F2C98716-8D50-4B0B-BE33-66CA9971267E}.Debug|iPhone.Build.0 = Debug|Any CPU
		{F2C98716-8D50-4B0B-BE33-66CA9971267E}.Release|iPhone.ActiveCfg = Release|Any CPU
		{F2C98716-8D50-4B0B-BE33-66CA9971267E}.Release|iPhone.Build.0 = Release|Any CPU
	EndGlobalSection
EndGlobal
